
Microsoft Visual Studio Solution File, Format Version 12.00
# Visual Studio Version 17
VisualStudioVersion = 17.11.35303.130
MinimumVisualStudioVersion = 10.0.40219.1
Project("{FAE04EC0-301F-11D3-BF4B-00C04F79EFBC}") = "WhiteLagoon.Web", "WhiteLagoon.Web\WhiteLagoon.Web.csproj", "{23E8FB17-841E-4F21-89BF-B025EEC3DB1A}"
EndProject
Project("{FAE04EC0-301F-11D3-BF4B-00C04F79EFBC}") = "WhiteLagoon.Domain", "WhiteLagoon.Domain\WhiteLagoon.Domain.csproj", "{74E699FC-03F5-46B0-8764-D818460BE554}"
EndProject
Project("{FAE04EC0-301F-11D3-BF4B-00C04F79EFBC}") = "WhiteLagoon.Application", "WhiteLagoon.Application\WhiteLagoon.Application.csproj", "{000638BB-3CF2-4AFD-A9BE-4A0335BB9EDA}"
EndProject
Project("{FAE04EC0-301F-11D3-BF4B-00C04F79EFBC}") = "WhiteLagoon.Infrastructure", "WhiteLagoon.Infrastructure\WhiteLagoon.Infrastructure.csproj", "{68094157-6DE7-4C75-8CBE-E45CD8F47548}"
EndProject
Global
	GlobalSection(SolutionConfigurationPlatforms) = preSolution
		Debug|Any CPU = Debug|Any CPU
		Release|Any CPU = Release|Any CPU
	EndGlobalSection
	GlobalSection(ProjectConfigurationPlatforms) = postSolution
		{23E8FB17-841E-4F21-89BF-B025EEC3DB1A}.Debug|Any CPU.ActiveCfg = Debug|Any CPU
		{23E8FB17-841E-4F21-89BF-B025EEC3DB1A}.Debug|Any CPU.Build.0 = Debug|Any CPU
		{23E8FB17-841E-4F21-89BF-B025EEC3DB1A}.Release|Any CPU.ActiveCfg = Release|Any CPU
		{23E8FB17-841E-4F21-89BF-B025EEC3DB1A}.Release|Any CPU.Build.0 = Release|Any CPU
		{74E699FC-03F5-46B0-8764-D818460BE554}.Debug|Any CPU.ActiveCfg = Debug|Any CPU
		{74E699FC-03F5-46B0-8764-D818460BE554}.Debug|Any CPU.Build.0 = Debug|Any CPU
		{74E699FC-03F5-46B0-8764-D818460BE554}.Release|Any CPU.ActiveCfg = Release|Any CPU
		{74E699FC-03F5-46B0-8764-D818460BE554}.Release|Any CPU.Build.0 = Release|Any CPU
		{000638BB-3CF2-4AFD-A9BE-4A0335BB9EDA}.Debug|Any CPU.ActiveCfg = Debug|Any CPU
		{000638BB-3CF2-4AFD-A9BE-4A0335BB9EDA}.Debug|Any CPU.Build.0 = Debug|Any CPU
		{000638BB-3CF2-4AFD-A9BE-4A0335BB9EDA}.Release|Any CPU.ActiveCfg = Release|Any CPU
		{000638BB-3CF2-4AFD-A9BE-4A0335BB9EDA}.Release|Any CPU.Build.0 = Release|Any CPU
		{68094157-6DE7-4C75-8CBE-E45CD8F47548}.Debug|Any CPU.ActiveCfg = Debug|Any CPU
		{68094157-6DE7-4C75-8CBE-E45CD8F47548}.Debug|Any CPU.Build.0 = Debug|Any CPU
		{68094157-6DE7-4C75-8CBE-E45CD8F47548}.Release|Any CPU.ActiveCfg = Release|Any CPU
		{68094157-6DE7-4C75-8CBE-E45CD8F47548}.Release|Any CPU.Build.0 = Release|Any CPU
	EndGlobalSection
	GlobalSection(SolutionProperties) = preSolution
		HideSolutionNode = FALSE
	EndGlobalSection
	GlobalSection(ExtensibilityGlobals) = postSolution
		SolutionGuid = {36EEE412-7056-43ED-BE6C-BD1B58557F7B}
	EndGlobalSection
EndGlobal
